// !$*UTF8*$!
{
	archiveVersion = 1;
	classes = {
	};
	objectVersion = 50;
	objects = {

/* Begin PBXBuildFile section */
		4404F80B2511B6DB0035EF37 /* AppDelegate.swift in Sources */ = {isa = PBXBuildFile; fileRef = 4404F80A2511B6DB0035EF37 /* AppDelegate.swift */; };
		4404F80D2511B6DB0035EF37 /* SceneDelegate.swift in Sources */ = {isa = PBXBuildFile; fileRef = 4404F80C2511B6DB0035EF37 /* SceneDelegate.swift */; };
		4404F80F2511B6DB0035EF37 /* ViewController.swift in Sources */ = {isa = PBXBuildFile; fileRef = 4404F80E2511B6DB0035EF37 /* ViewController.swift */; };
		4404F8122511B6DB0035EF37 /* Main.storyboard in Resources */ = {isa = PBXBuildFile; fileRef = 4404F8102511B6DB0035EF37 /* Main.storyboard */; };
		4404F8142511B6DC0035EF37 /* Assets.xcassets in Resources */ = {isa = PBXBuildFile; fileRef = 4404F8132511B6DC0035EF37 /* Assets.xcassets */; };
		4404F8172511B6DC0035EF37 /* LaunchScreen.storyboard in Resources */ = {isa = PBXBuildFile; fileRef = 4404F8152511B6DC0035EF37 /* LaunchScreen.storyboard */; };
/* End PBXBuildFile section */

/* Begin PBXFileReference section */
		4404F8072511B6DB0035EF37 /* ButtonLayout.app */ = {isa = PBXFileReference; explicitFileType = wrapper.application; includeInIndex = 0; path = ButtonLayout.app; sourceTree = BUILT_PRODUCTS_DIR; };
		4404F80A2511B6DB0035EF37 /* AppDelegate.swift */ = {isa = PBXFileReference; lastKnownFileType = sourcecode.swift; path = AppDelegate.swift; sourceTree = "<group>"; };
		4404F80C2511B6DB0035EF37 /* SceneDelegate.swift */ = {isa = PBXFileReference; lastKnownFileType = sourcecode.swift; path = SceneDelegate.swift; sourceTree = "<group>"; };
		4404F80E2511B6DB0035EF37 /* ViewController.swift */ = {isa = PBXFileReference; lastKnownFileType = sourcecode.swift; path = ViewController.swift; sourceTree = "<group>"; };
		4404F8112511B6DB0035EF37 /* Base */ = {isa = PBXFileReference; lastKnownFileType = file.storyboard; name = Base; path = Base.lproj/Main.storyboard; sourceTree = "<group>"; };
		4404F8132511B6DC0035EF37 /* Assets.xcassets */ = {isa = PBXFileReference; lastKnownFileType = folder.assetcatalog; path = Assets.xcassets; sourceTree = "<group>"; };
		4404F8162511B6DC0035EF37 /* Base */ = {isa = PBXFileReference; lastKnownFileType = file.storyboard; name = Base; path = Base.lproj/LaunchScreen.storyboard; sourceTree = "<group>"; };
		4404F8182511B6DC0035EF37 /* Info.plist */ = {isa = PBXFileReference; lastKnownFileType = text.plist.xml; path = Info.plist; sourceTree = "<group>"; };
/* End PBXFileReference section */

/* Begin PBXFrameworksBuildPhase section */
		4404F8042511B6DB0035EF37 /* Frameworks */ = {
			isa = PBXFrameworksBuildPhase;
			buildActionMask = 2147483647;
			files = (
			);
			runOnlyForDeploymentPostprocessing = 0;
		};
/* End PBXFrameworksBuildPhase section */

/* Begin PBXGroup section */
		4404F7FE2511B6DB0035EF37 = {
			isa = PBXGroup;
			children = (
				4404F8092511B6DB0035EF37 /* ButtonLayout */,
				4404F8082511B6DB0035EF37 /* Products */,
			);
			sourceTree = "<group>";
		};
		4404F8082511B6DB0035EF37 /* Products */ = {
			isa = PBXGroup;
			children = (
				4404F8072511B6DB0035EF37 /* ButtonLayout.app */,
			);
			name = Products;
			sourceTree = "<group>";
		};
		4404F8092511B6DB0035EF37 /* ButtonLayout */ = {
			isa = PBXGroup;
			children = (
				4404F80A2511B6DB0035EF37 /* AppDelegate.swift */,
				4404F80C2511B6DB0035EF37 /* SceneDelegate.swift */,
				4404F80E2511B6DB0035EF37 /* ViewController.swift */,
				4404F8102511B6DB0035EF37 /* Main.storyboard */,
				4404F8132511B6DC0035EF37 /* Assets.xcassets */,
				4404F8152511B6DC0035EF37 /* LaunchScreen.storyboard */,
				4404F8182511B6DC0035EF37 /* Info.plist */,
			);
			path = ButtonLayout;
			sourceTree = "<group>";
		};
/* End PBXGroup section */

/* Begin PBXNativeTarget section */
		4404F8062511B6DB0035EF37 /* ButtonLayout */ = {
			isa = PBXNativeTarget;
			buildConfigurationList = 4404F81B2511B6DC0035EF37 /* Build configuration list for PBXNativeTarget "ButtonLayout" */;
			buildPhases = (
				4404F8032511B6DB0035EF37 /* Sources */,
				4404F8042511B6DB0035EF37 /* Frameworks */,
				4404F8052511B6DB0035EF37 /* Resources */,
			);
			buildRules = (
			);
			dependencies = (
			);
			name = ButtonLayout;
			productName = ButtonLayout;
			productReference = 4404F8072511B6DB0035EF37 /* ButtonLayout.app */;
			productType = "com.apple.product-type.application";
		};
/* End PBXNativeTarget section */

/* Begin PBXProject section */
		4404F7FF2511B6DB0035EF37 /* Project object */ = {
			isa = PBXProject;
			attributes = {
				LastSwiftUpdateCheck = 1170;
				LastUpgradeCheck = 1170;
				ORGANIZATIONNAME = "Craig Siemens";
				TargetAttributes = {
					4404F8062511B6DB0035EF37 = {
						CreatedOnToolsVersion = 11.7;
					};
				};
			};
			buildConfigurationList = 4404F8022511B6DB0035EF37 /* Build configuration list for PBXProject "ButtonLayout" */;
			compatibilityVersion = "Xcode 9.3";
			developmentRegion = en;
			hasScannedForEncodings = 0;
			knownRegions = (
				en,
				Base,
			);
			mainGroup = 4404F7FE2511B6DB0035EF37;
			productRefGroup = 4404F8082511B6DB0035EF37 /* Products */;
			projectDirPath = "";
			projectRoot = "";
			targets = (
				4404F8062511B6DB0035EF37 /* ButtonLayout */,
			);
		};
/* End PBXProject section */

/* Begin PBXResourcesBuildPhase section */
		4404F8052511B6DB0035EF37 /* Resources */ = {
			isa = PBXResourcesBuildPhase;
			buildActionMask = 2147483647;
			files = (
				4404F8172511B6DC0035EF37 /* LaunchScreen.storyboard in Resources */,
				4404F8142511B6DC0035EF37 /* Assets.xcassets in Resources */,
				4404F8122511B6DB0035EF37 /* Main.storyboard in Resources */,
			);
			runOnlyForDeploymentPostprocessing = 0;
		};
/* End PBXResourcesBuildPhase section */

/* Begin PBXSourcesBuildPhase section */
		4404F8032511B6DB0035EF37 /* Sources */ = {
			isa = PBXSourcesBuildPhase;
			buildActionMask = 2147483647;
			files = (
				4404F80F2511B6DB0035EF37 /* ViewController.swift in Sources */,
				4404F80B2511B6DB0035EF37 /* AppDelegate.swift in Sources */,
				4404F80D2511B6DB0035EF37 /* SceneDelegate.swift in Sources */,
			);
			runOnlyForDeploymentPostprocessing = 0;
		};
/* End PBXSourcesBuildPhase section */

/* Begin PBXVariantGroup section */
		4404F8102511B6DB0035EF37 /* Main.storyboard */ = {
			isa = PBXVariantGroup;
			children = (
				4404F8112511B6DB0035EF37 /* Base */,
			);
			name = Main.storyboard;
			sourceTree = "<group>";
		};
		4404F8152511B6DC0035EF37 /* LaunchScreen.storyboard */ = {
			isa = PBXVariantGroup;
			children = (
				4404F8162511B6DC0035EF37 /* Base */,
			);
			name = LaunchScreen.storyboard;
			sourceTree = "<group>";
		};
/* End PBXVariantGroup section */

/* Begin XCBuildConfiguration section */
		4404F8192511B6DC0035EF37 /* Debug */ = {
			isa = XCBuildConfiguration;
			buildSettings = {
				ALWAYS_SEARCH_USER_PATHS = NO;
				CLANG_ANALYZER_NONNULL = YES;
				CLANG_ANALYZER_NUMBER_OBJECT_CONVERSION = YES_AGGRESSIVE;
				CLANG_CXX_LANGUAGE_STANDARD = "gnu++14";
				CLANG_CXX_LIBRARY = "libc++";
				CLANG_ENABLE_MODULES = YES;
				CLANG_ENABLE_OBJC_ARC = YES;
				CLANG_ENABLE_OBJC_WEAK = YES;
				CLANG_WARN_BLOCK_CAPTURE_AUTORELEASING = YES;
				CLANG_WARN_BOOL_CONVERSION = YES;
				CLANG_WARN_COMMA = YES;
				CLANG_WARN_CONSTANT_CONVERSION = YES;
				CLANG_WARN_DEPRECATED_OBJC_IMPLEMENTATIONS = YES;
				CLANG_WARN_DIRECT_OBJC_ISA_USAGE = YES_ERROR;
				CLANG_WARN_DOCUMENTATION_COMMENTS = YES;
				CLANG_WARN_EMPTY_BODY = YES;
				CLANG_WARN_ENUM_CONVERSION = YES;
				CLANG_WARN_INFINITE_RECURSION = YES;
				CLANG_WARN_INT_CONVERSION = YES;
				CLANG_WARN_NON_LITERAL_NULL_CONVERSION = YES;
				CLANG_WARN_OBJC_IMPLICIT_RETAIN_SELF = YES;
				CLANG_WARN_OBJC_LITERAL_CONVERSION = YES;
				CLANG_WARN_OBJC_ROOT_CLASS = YES_ERROR;
				CLANG_WARN_RANGE_LOOP_ANALYSIS = YES;
				CLANG_WARN_STRICT_PROTOTYPES = YES;
				CLANG_WARN_SUSPICIOUS_MOVE = YES;
				CLANG_WARN_UNGUARDED_AVAILABILITY = YES_AGGRESSIVE;
				CLANG_WARN_UNREACHABLE_CODE = YES;
				CLANG_WARN__DUPLICATE_METHOD_MATCH = YES;
				COPY_PHASE_STRIP = NO;
				DEBUG_INFORMATION_FORMAT = dwarf;
				ENABLE_STRICT_OBJC_MSGSEND = YES;
				ENABLE_TESTABILITY = YES;
				GCC_C_LANGUAGE_STANDARD = gnu11;
				GCC_DYNAMIC_NO_PIC = NO;
				GCC_NO_COMMON_BLOCKS = YES;
				GCC_OPTIMIZATION_LEVEL = 0;
				GCC_PREPROCESSOR_DEFINITIONS = (
					"DEBUG=1",
					"$(inherited)",
				);
				GCC_WARN_64_TO_32_BIT_CONVERSION = YES;
				GCC_WARN_ABOUT_RETURN_TYPE = YES_ERROR;
				GCC_WARN_UNDECLARED_SELECTOR = YES;
				GCC_WARN_UNINITIALIZED_AUTOS = YES_AGGRESSIVE;
				GCC_WARN_UNUSED_FUNCTION = YES;
				GCC_WARN_UNUSED_VARIABLE = YES;
				IPHONEOS_DEPLOYMENT_TARGET = 13.7;
				MTL_ENABLE_DEBUG_INFO = INCLUDE_SOURCE;
				MTL_FAST_MATH = YES;
				ONLY_ACTIVE_ARCH = YES;
				SDKROOT = iphoneos;
				SWIFT_ACTIVE_COMPILATION_CONDITIONS = DEBUG;
				SWIFT_OPTIMIZATION_LEVEL = "-Onone";
			};
			name = Debug;
		};
		4404F81A2511B6DC0035EF37 /* Release */ = {
			isa = XCBuildConfiguration;
			buildSettings = {
				ALWAYS_SEARCH_USER_PATHS = NO;
				CLANG_ANALYZER_NONNULL = YES;
				CLANG_ANALYZER_NUMBER_OBJECT_CONVERSION = YES_AGGRESSIVE;
				CLANG_CXX_LANGUAGE_STANDARD = "gnu++14";
				CLANG_CXX_LIBRARY = "libc++";
				CLANG_ENABLE_MODULES = YES;
				CLANG_ENABLE_OBJC_ARC = YES;
				CLANG_ENABLE_OBJC_WEAK = YES;
				CLANG_WARN_BLOCK_CAPTURE_AUTORELEASING = YES;
				CLANG_WARN_BOOL_CONVERSION = YES;
				CLANG_WARN_COMMA = YES;
				CLANG_WARN_CONSTANT_CONVERSION = YES;
				CLANG_WARN_DEPRECATED_OBJC_IMPLEMENTATIONS = YES;
				CLANG_WARN_DIRECT_OBJC_ISA_USAGE = YES_ERROR;
				CLANG_WARN_DOCUMENTATION_COMMENTS = YES;
				CLANG_WARN_EMPTY_BODY = YES;
				CLANG_WARN_ENUM_CONVERSION = YES;
				CLANG_WARN_INFINITE_RECURSION = YES;
				CLANG_WARN_INT_CONVERSION = YES;
				CLANG_WARN_NON_LITERAL_NULL_CONVERSION = YES;
				CLANG_WARN_OBJC_IMPLICIT_RETAIN_SELF = YES;
				CLANG_WARN_OBJC_LITERAL_CONVERSION = YES;
				CLANG_WARN_OBJC_ROOT_CLASS = YES_ERROR;
				CLANG_WARN_RANGE_LOOP_ANALYSIS = YES;
				CLANG_WARN_STRICT_PROTOTYPES = YES;
				CLANG_WARN_SUSPICIOUS_MOVE = YES;
				CLANG_WARN_UNGUARDED_AVAILABILITY = YES_AGGRESSIVE;
				CLANG_WARN_UNREACHABLE_CODE = YES;
				CLANG_WARN__DUPLICATE_METHOD_MATCH = YES;
				COPY_PHASE_STRIP = NO;
				DEBUG_INFORMATION_FORMAT = "dwarf-with-dsym";
				ENABLE_NS_ASSERTIONS = NO;
				ENABLE_STRICT_OBJC_MSGSEND = YES;
				GCC_C_LANGUAGE_STANDARD = gnu11;
				GCC_NO_COMMON_BLOCKS = YES;
				GCC_WARN_64_TO_32_BIT_CONVERSION = YES;
				GCC_WARN_ABOUT_RETURN_TYPE = YES_ERROR;
				GCC_WARN_UNDECLARED_SELECTOR = YES;
				GCC_WARN_UNINITIALIZED_AUTOS = YES_AGGRESSIVE;
				GCC_WARN_UNUSED_FUNCTION = YES;
				GCC_WARN_UNUSED_VARIABLE = YES;
				IPHONEOS_DEPLOYMENT_TARGET = 13.7;
				MTL_ENABLE_DEBUG_INFO = NO;
				MTL_FAST_MATH = YES;
				SDKROOT = iphoneos;
				SWIFT_COMPILATION_MODE = wholemodule;
				SWIFT_OPTIMIZATION_LEVEL = "-O";
				VALIDATE_PRODUCT = YES;
			};
			name = Release;
		};
		4404F81C2511B6DC0035EF37 /* Debug */ = {
			isa = XCBuildConfiguration;
			buildSettings = {
				ASSETCATALOG_COMPILER_APPICON_NAME = AppIcon;
				CODE_SIGN_STYLE = Automatic;
				INFOPLIST_FILE = ButtonLayout/Info.plist;
				LD_RUNPATH_SEARCH_PATHS = (
					"$(inherited)",
					"@executable_path/Frameworks",
				);
				PRODUCT_BUNDLE_IDENTIFIER = com.craigsiemens.ButtonLayout;
				PRODUCT_NAME = "$(TARGET_NAME)";
				SWIFT_VERSION = 5.0;
				TARGETED_DEVICE_FAMILY = "1,2";
			};
			name = Debug;
		};
		4404F81D2511B6DC0035EF37 /* Release */ = {
			isa = XCBuildConfiguration;
			buildSettings = {
				ASSETCATALOG_COMPILER_APPICON_NAME = AppIcon;
				CODE_SIGN_STYLE = Automatic;
				INFOPLIST_FILE = ButtonLayout/Info.plist;
				LD_RUNPATH_SEARCH_PATHS = (
					"$(inherited)",
					"@executable_path/Frameworks",
				);
				PRODUCT_BUNDLE_IDENTIFIER = com.craigsiemens.ButtonLayout;
				PRODUCT_NAME = "$(TARGET_NAME)";
				SWIFT_VERSION = 5.0;
				TARGETED_DEVICE_FAMILY = "1,2";
			};
			name = Release;
		};
/* End XCBuildConfiguration section */

/* Begin XCConfigurationList section */
		4404F8022511B6DB0035EF37 /* Build configuration list for PBXProject "ButtonLayout" */ = {
			isa = XCConfigurationList;
			buildConfigurations = (
				4404F8192511B6DC0035EF37 /* Debug */,
				4404F81A2511B6DC0035EF37 /* Release */,
			);
			defaultConfigurationIsVisible = 0;
			defaultConfigurationName = Release;
		};
		4404F81B2511B6DC0035EF37 /* Build configuration list for PBXNativeTarget "ButtonLayout" */ = {
			isa = XCConfigurationList;
			buildConfigurations = (
				4404F81C2511B6DC0035EF37 /* Debug */,
				4404F81D2511B6DC0035EF37 /* Release */,
			);
			defaultConfigurationIsVisible = 0;
			defaultConfigurationName = Release;
		};
/* End XCConfigurationList section */
	};
	rootObject = 4404F7FF2511B6DB0035EF37 /* Project object */;
}
